# This file was autogenerated by Stack.
# You should not edit this file by hand.
# For more information, please see the documentation at:
#   https://docs.haskellstack.org/en/stable/lock_files

packages:
- completed:
    hackage: haskell-tools-prettyprint-1.1.1.0@sha256:4178e14d94152e689fd468cd76d9bdca224277f923f2f5b958f7a2fcfc6974db,2110
    pantry-tree:
      size: 1052
      sha256: 92d2699a1051e2bb57828e110242f8f5876d57f3c1cc9c728c31a03ecce5f41f
  original:
    hackage: haskell-tools-prettyprint-1.1.1.0
- completed:
    hackage: haskell-tools-refactor-1.1.1.0@sha256:e67268831014311576777cef548fddc16082180c8cba3640d3651cf9a195e864,5776
    pantry-tree:
      size: 12415
      sha256: a0f2c1cf461dbd239143325ef355acd02480b2f7b4ab5c63041b2761a790cd59
  original:
    hackage: haskell-tools-refactor-1.1.1.0
- completed:
    hackage: haskell-tools-ast-1.1.1.0@sha256:b1b761c02423ef83b538ca4fab7273ce2ee46221da3192b5cca5461e9e6ce812,3928
    pantry-tree:
      size: 3115
      sha256: a29b525d53d9aabd1032027062810de382c76b9e1afe9929e15c391f4c5c65ef
  original:
    hackage: haskell-tools-ast-1.1.1.0
- completed:
    hackage: haskell-tools-backend-ghc-1.1.1.0@sha256:4fd177adcfc07f324b09008a572ace1c5340672294dece21edd420b754088ded,3165
    pantry-tree:
      size: 1943
      sha256: cc2423f3080e3051e2cb883a80653db72f8d2d99903515f38445a1adf45ead3d
  original:
    hackage: haskell-tools-backend-ghc-1.1.1.0
- completed:
    hackage: haskell-tools-rewrite-1.1.1.0@sha256:d43239b8a64af429bfebdcb1e4f58dcb32e3326b9933cdd20702431534506543,3901
    pantry-tree:
      size: 2544
      sha256: 1fc421ef98c4ee5aa0161405cc71e01a1477d5c0c06f49028b0e14b1f47c575b
  original:
    hackage: haskell-tools-rewrite-1.1.1.0
- completed:
    hackage: cudd-0.1.0.4@sha256:4f673472192d8cd7dd1f8036fca3dc07d3c378ed2031700ab6525c8a59cccb67,2627
    pantry-tree:
      size: 923
      sha256: 9119a131d3eb4d0e8d0876ec76f86af0931ef77f4cd7c3ce1a8a8c65e70e1414
  original:
    hackage: cudd-0.1.0.4
- completed:
    hackage: Stack-0.4.0@sha256:ada69a23ed9bbaf97260397f6b39b7a1f4e22a11bcac3fe2e8f23f1513f59fd8,1092
    pantry-tree:
      size: 355
      sha256: 4a0e8d5c268b9d19cb472ac94f0e2291afbb899ce4f5878bbbe86effeba36c6f
  original:
    hackage: Stack-0.4.0
- completed:
    hackage: criterion-measurement-0.1.2.0@sha256:128b778bea62b60a98be25331ab3e07095c9df1f8e91340be160b34432d30f0e,2070
    pantry-tree:
      size: 726
      sha256: 9eda4c32ce569dc50772f415285640484ba0a9cafd346912711dfac4f83b7bff
  original:
    hackage: criterion-measurement-0.1.2.0
- completed:
    hackage: criterion-1.5.6.2@sha256:da86b8c918ed41d6acd7772142aa62ab293453058ef72cb46e02d93b5cbe270f,5128
    pantry-tree:
      size: 2336
      sha256: ecb6f96c9d526913faaf0bfda557db421a88492b79a2917adcd6e4277fe596a5
  original:
    hackage: criterion-1.5.6.2
- completed:
    hackage: graphviz-2999.20.0.4@sha256:1bc27e5c9684be123605cee57888091bb0fe0f727f0abe3898d08a8a0ceff8a3,7706
    pantry-tree:
      size: 4322
      sha256: 0b71da584d46a409ca280e48f82aebc1b0580357c827d51a4481f585130ffe3b
  original:
    hackage: graphviz-2999.20.0.4
- completed:
    hackage: language-c-0.8.3@sha256:144951cb86c54720a5031026de8070a84240b64479875ce9f69ef2e1851c07b8,4900
    pantry-tree:
      size: 3416
      sha256: 6c9445cdbf64a45a2fb8d27c4c85803e9d3b680677d1e23cc9e743aec69a3039
  original:
    hackage: language-c-0.8.3
- completed:
    hackage: text-1.2.3.1@sha256:ceb05f2a77b82bffe58c9ce8d8ad447191e4509bd28c14bf3da610bd6b82a62b,8560
    pantry-tree:
      size: 7456
      sha256: c9b38b60593401bb378b694a42b085d46f74f97d86d39edeb01a616965f2b581
  original:
    hackage: text-1.2.3.1
- completed:
    hackage: multimap-1.2.1@sha256:9d70d1c278f53c39c142c04643df3a4c58b683c359beca5addf5d7545aaf7931,1231
    pantry-tree:
      size: 272
      sha256: 5524981cdb7cf9f4b9983913deb942484103991ad951bcb62d4ba527ed281642
  original:
    hackage: multimap-1.2.1
- completed:
    hackage: QuickCheck-2.14@sha256:a1bac79e48b36d5bccd771e981058c44707f440156a0a411ebdcfec8cfccfda9,6982
    pantry-tree:
      size: 2203
      sha256: 1c8b0f1ff061117c78ddb69cbed242faf313a427c03e5c84233aa33e7e58a5cb
  original:
    hackage: QuickCheck-2.14
- completed:
    hackage: deepseq-1.4.4.0@sha256:76902b99ee97fc059311ddb0df9488c54969adf0a212efa39705981761f06b55,2918
    pantry-tree:
      size: 385
      sha256: edf7ecb1e7195bf2c1b595f462343b8a237351acf73e4d0e66e005fc5baa62f4
  original:
    hackage: deepseq-1.4.4.0
- completed:
    hackage: parsec-3.1.14.0@sha256:63a4555d6ea2aaccd8588fc809e5d137e72b668898ab3b171ce8458b792f0f36,4356
    pantry-tree:
      size: 2574
      sha256: c17cc12ba9a912521d58d8bcee07830351fe27483d9309ebdac8e32175e10706
  original:
    hackage: parsec-3.1.14.0
- completed:
    hackage: references-0.3.3.1@sha256:1f8e4568d345e5e1482d8c9fca9c48b6ca1b04db6b02edd1023a9c33a2b8a5a2,6446
    pantry-tree:
      size: 1439
      sha256: 673063942a205809f52739ae2a90aa6bc58985adbe260d0372fce5ea685bb06e
  original:
    hackage: references-0.3.3.1
- completed:
    hackage: Cabal-2.4.1.0@sha256:8aef21305c2324214944983e9dd118e65063b2e04f8c597db875298f602f6f12,21831
    pantry-tree:
      size: 31482
      sha256: 0d79ac300c7ac910d6a813b4de687498e51b6068e4f97503b8772dc9e9f0d36c
  original:
    hackage: Cabal-2.4.1.0
- completed:
    hackage: classyplate-0.3.2.0@sha256:bfd584e6d0e400a2c8f4252ff9f8c74a71c279e81433e4658ef3d36df7cfab3c,1643
    pantry-tree:
      size: 976
      sha256: 223678ac76c58919a1e936d62f8a250698cf3946824507dac29919ee3f5e833d
  original:
    hackage: classyplate-0.3.2.0
snapshots:
- completed:
    size: 524154
    url: https://raw.githubusercontent.com/commercialhaskell/stackage-snapshots/master/lts/14/20.yaml
    sha256: 2f5099f69ddb6abfe64400fe1e6a604e8e628f55e6837211cd70a81eb0a8fa4d
  original: lts-14.20
