# This file was autogenerated by Stack.
# You should not edit this file by hand.
# For more information, please see the documentation at:
#   https://docs.haskellstack.org/en/stable/lock_files

packages:
- completed:
    hackage: Stack-0.4.0@sha256:ada69a23ed9bbaf97260397f6b39b7a1f4e22a11bcac3fe2e8f23f1513f59fd8,1092
    pantry-tree:
      size: 355
      sha256: 4a0e8d5c268b9d19cb472ac94f0e2291afbb899ce4f5878bbbe86effeba36c6f
  original:
    hackage: Stack-0.4.0@sha256:ada69a23ed9bbaf97260397f6b39b7a1f4e22a11bcac3fe2e8f23f1513f59fd8,1092
- completed:
    hackage: cudd-0.1.0.4@sha256:4f673472192d8cd7dd1f8036fca3dc07d3c378ed2031700ab6525c8a59cccb67,2627
    pantry-tree:
      size: 923
      sha256: 9119a131d3eb4d0e8d0876ec76f86af0931ef77f4cd7c3ce1a8a8c65e70e1414
  original:
    hackage: cudd-0.1.0.4@sha256:4f673472192d8cd7dd1f8036fca3dc07d3c378ed2031700ab6525c8a59cccb67,2627
- completed:
    hackage: haskell-tools-ast-1.1.1.0@sha256:b1b761c02423ef83b538ca4fab7273ce2ee46221da3192b5cca5461e9e6ce812,3928
    pantry-tree:
      size: 3115
      sha256: a29b525d53d9aabd1032027062810de382c76b9e1afe9929e15c391f4c5c65ef
  original:
    hackage: haskell-tools-ast-1.1.1.0@sha256:b1b761c02423ef83b538ca4fab7273ce2ee46221da3192b5cca5461e9e6ce812,3928
- completed:
    hackage: haskell-tools-prettyprint-1.1.1.0@sha256:4178e14d94152e689fd468cd76d9bdca224277f923f2f5b958f7a2fcfc6974db,2110
    pantry-tree:
      size: 1052
      sha256: 92d2699a1051e2bb57828e110242f8f5876d57f3c1cc9c728c31a03ecce5f41f
  original:
    hackage: haskell-tools-prettyprint-1.1.1.0@sha256:4178e14d94152e689fd468cd76d9bdca224277f923f2f5b958f7a2fcfc6974db,2110
- completed:
    hackage: haskell-tools-refactor-1.1.1.0@sha256:e67268831014311576777cef548fddc16082180c8cba3640d3651cf9a195e864,5776
    pantry-tree:
      size: 12415
      sha256: a0f2c1cf461dbd239143325ef355acd02480b2f7b4ab5c63041b2761a790cd59
  original:
    hackage: haskell-tools-refactor-1.1.1.0@sha256:e67268831014311576777cef548fddc16082180c8cba3640d3651cf9a195e864,5776
- completed:
    hackage: haskell-tools-rewrite-1.1.1.0@sha256:d43239b8a64af429bfebdcb1e4f58dcb32e3326b9933cdd20702431534506543,3901
    pantry-tree:
      size: 2544
      sha256: 1fc421ef98c4ee5aa0161405cc71e01a1477d5c0c06f49028b0e14b1f47c575b
  original:
    hackage: haskell-tools-rewrite-1.1.1.0@sha256:d43239b8a64af429bfebdcb1e4f58dcb32e3326b9933cdd20702431534506543,3901
- completed:
    hackage: haskell-tools-backend-ghc-1.1.1.0@sha256:4fd177adcfc07f324b09008a572ace1c5340672294dece21edd420b754088ded,3165
    pantry-tree:
      size: 1943
      sha256: cc2423f3080e3051e2cb883a80653db72f8d2d99903515f38445a1adf45ead3d
  original:
    hackage: haskell-tools-backend-ghc-1.1.1.0@sha256:4fd177adcfc07f324b09008a572ace1c5340672294dece21edd420b754088ded,3165
snapshots:
- completed:
    size: 498398
    url: https://raw.githubusercontent.com/commercialhaskell/stackage-snapshots/master/lts/13/23.yaml
    sha256: 63151ca76f39d5cfbd266ce019236459fdda53fbefd2200aedeb33bcc81f808e
  original: lts-13.23
