# This file was autogenerated by Stack.
# You should not edit this file by hand.
# For more information, please see the documentation at:
#   https://docs.haskellstack.org/en/stable/lock_files

packages:
- completed:
    hackage: Stack-0.4.0@sha256:ada69a23ed9bbaf97260397f6b39b7a1f4e22a11bcac3fe2e8f23f1513f59fd8,1092
    pantry-tree:
      size: 355
      sha256: 4a0e8d5c268b9d19cb472ac94f0e2291afbb899ce4f5878bbbe86effeba36c6f
  original:
    hackage: Stack-0.4.0@sha256:ada69a23ed9bbaf97260397f6b39b7a1f4e22a11bcac3fe2e8f23f1513f59fd8,1092
- completed:
    hackage: cudd-0.1.0.4@sha256:4f673472192d8cd7dd1f8036fca3dc07d3c378ed2031700ab6525c8a59cccb67,2627
    pantry-tree:
      size: 923
      sha256: 9119a131d3eb4d0e8d0876ec76f86af0931ef77f4cd7c3ce1a8a8c65e70e1414
  original:
    hackage: cudd-0.1.0.4@sha256:4f673472192d8cd7dd1f8036fca3dc07d3c378ed2031700ab6525c8a59cccb67,2627
snapshots:
- completed:
    size: 498398
    url: https://raw.githubusercontent.com/commercialhaskell/stackage-snapshots/master/lts/13/23.yaml
    sha256: 63151ca76f39d5cfbd266ce019236459fdda53fbefd2200aedeb33bcc81f808e
  original: lts-13.23
