# This file was autogenerated by Stack.
# You should not edit this file by hand.
# For more information, please see the documentation at:
#   https://docs.haskellstack.org/en/stable/lock_files

packages:
- completed:
    hackage: process-1.6.5.0@sha256:0f42f038aca38f990b68083a1b5bed34ace91b93539095a9ec1e2d44cd435ddb,2469
    pantry-tree:
      size: 1211
      sha256: 853918f4b144d67d8246a82ad65bd3dfbcfde71aefb69386c1bbd6a8e53a95c4
  original:
    hackage: process-1.6.5.0
- completed:
    hackage: cudd-0.1.0.4@sha256:4f673472192d8cd7dd1f8036fca3dc07d3c378ed2031700ab6525c8a59cccb67,2627
    pantry-tree:
      size: 923
      sha256: 9119a131d3eb4d0e8d0876ec76f86af0931ef77f4cd7c3ce1a8a8c65e70e1414
  original:
    hackage: cudd-0.1.0.4
- completed:
    hackage: c2hs-0.28.6@sha256:47e402d4cd79204afb72d69c945bc5cf02f70d7f29ffe5aefc07343fd47743fe,9039
    pantry-tree:
      size: 16968
      sha256: db5ec67271554af6b43e7aabc7ce3937c83864d0aec73802c6d7a27c904fdd5e
  original:
    hackage: c2hs-0.28.6
snapshots:
- completed:
    size: 498398
    url: https://raw.githubusercontent.com/commercialhaskell/stackage-snapshots/master/lts/13/23.yaml
    sha256: 63151ca76f39d5cfbd266ce019236459fdda53fbefd2200aedeb33bcc81f808e
  original: lts-13.23
