# This file was autogenerated by Stack.
# You should not edit this file by hand.
# For more information, please see the documentation at:
#   https://docs.haskellstack.org/en/stable/lock_files

packages:
- completed:
    hackage: Stack-0.3.2@sha256:a802798b57f3566b18471ec01a25ae435f6a03b137918610604eb08aa9cffed9,1080
    pantry-tree:
      size: 416
      sha256: 17757e0060f980e228008653e6037d8cc3dcca7078f59298b3fda1ae5f3aac40
  original:
    hackage: Stack-0.3.2
- completed:
    hackage: var-0.2.0.0@sha256:4afd7cee7c6d539741fef73c6f3d87a15a28cf3061b62b8fd8577ca0fa728ac3,4115
    pantry-tree:
      size: 2227
      sha256: 9861dad63f8d25f4c2fed302048e19296b9559b7119dc117ea6908f13cfdd812
  original:
    hackage: var-0.2.0.0
- completed:
    hackage: z3-4.1.0@sha256:9c320c8f84f619b9f9f460c7ca32bd71ca454a8e8db637422877586ec978df9f,3467
    pantry-tree:
      size: 695
      sha256: 1f7dac5732a120327f19677cd39faadb4c7b59789d22e6bb2d94c82febaa473b
  original:
    hackage: z3-4.1.0
- completed:
    hackage: cudd-0.1.0.4@sha256:4f673472192d8cd7dd1f8036fca3dc07d3c378ed2031700ab6525c8a59cccb67,2627
    pantry-tree:
      size: 923
      sha256: 9119a131d3eb4d0e8d0876ec76f86af0931ef77f4cd7c3ce1a8a8c65e70e1414
  original:
    hackage: cudd-0.1.0.4
- completed:
    hackage: alex-3.2.4@sha256:fcf1971fb513eab886072d1f705475f04fb65261a4d81361bede9d86056b474b,4054
    pantry-tree:
      size: 5732
      sha256: 4bab0bfd073e56bbea1863758126b858a320c78fbf5b9615c0be4835d035de9e
  original:
    hackage: alex-3.2.4
snapshots:
- completed:
    size: 498398
    url: https://raw.githubusercontent.com/commercialhaskell/stackage-snapshots/master/lts/13/23.yaml
    sha256: 63151ca76f39d5cfbd266ce019236459fdda53fbefd2200aedeb33bcc81f808e
  original: lts-13.23
